Microsoft Visual Studio Solution File, Format Version 12.00
# Visual Studio Version 16
VisualStudioVersion = 16.0.28701.123
MinimumVisualStudioVersion = 10.0.40219.1
Project("{FAE04EC0-301F-11D3-BF4B-00C04F79EFBC}") = "FamilyConverter.Revit2021", "FamilyConverter.Revit2021\FamilyConverter.Revit2021.csproj", "{ED7E5EEA-C0D2-48B6-83C5-6F9E064585AA}"
EndProject
Project("{FAE04EC0-301F-11D3-BF4B-00C04F79EFBC}") = "DWGConverter.FamilyGeometry.Installer", "DWGConverter.FamilyGeometry.Installer\DWGConverter.FamilyGeometry.Installer.csproj", "{2E5A72C6-1DC2-4D53-92DA-E9F7524B0B55}"
EndProject
Global
	GlobalSection(SolutionConfigurationPlatforms) = preSolution
		Debug|Any CPU = Debug|Any CPU
		Release|Any CPU = Release|Any CPU
	EndGlobalSection
	GlobalSection(ProjectConfigurationPlatforms) = postSolution
		{ED7E5EEA-C0D2-48B6-83C5-6F9E064585AA}.Debug|Any CPU.ActiveCfg = Debug|Any CPU
		{ED7E5EEA-C0D2-48B6-83C5-6F9E064585AA}.Debug|Any CPU.Build.0 = Debug|Any CPU
		{ED7E5EEA-C0D2-48B6-83C5-6F9E064585AA}.Release|Any CPU.ActiveCfg = Release|Any CPU
		{ED7E5EEA-C0D2-48B6-83C5-6F9E064585AA}.Release|Any CPU.Build.0 = Release|Any CPU
		{2E5A72C6-1DC2-4D53-92DA-E9F7524B0B55}.Debug|Any CPU.ActiveCfg = Debug|Any CPU
		{2E5A72C6-1DC2-4D53-92DA-E9F7524B0B55}.Debug|Any CPU.Build.0 = Debug|Any CPU
		{2E5A72C6-1DC2-4D53-92DA-E9F7524B0B55}.Release|Any CPU.ActiveCfg = Release|Any CPU
		{2E5A72C6-1DC2-4D53-92DA-E9F7524B0B55}.Release|Any CPU.Build.0 = Release|Any CPU
	EndGlobalSection
	GlobalSection(SolutionProperties) = preSolution
		HideSolutionNode = FALSE
	EndGlobalSection
EndGlobal
